
Microsoft Visual Studio Solution File, Format Version 12.00
# Visual Studio Version 17
VisualStudioVersion = 17.8.34322.80
MinimumVisualStudioVersion = 10.0.40219.1
Project("{9A19103F-16F7-4668-BE54-9A1E7A4F7556}") = "05_SystemProgramming", "05_SystemProgramming\05_SystemProgramming.csproj", "{81042A34-8164-4928-ACD6-26E44651A0E9}"
EndProject
Project("{9A19103F-16F7-4668-BE54-9A1E7A4F7556}") = "2_ThreadingHomeWork", "2_ThreadingHomeWork\2_ThreadingHomeWork.csproj", "{94E59433-43AE-47A9-ABDB-17D26DDE862B}"
EndProject
Project("{9A19103F-16F7-4668-BE54-9A1E7A4F7556}") = "WPF_ThreadingHomeWork", "WPF_ThreadingHomeWork\WPF_ThreadingHomeWork.csproj", "{1FFC3E87-9FA3-4C10-A306-21179379B904}"
EndProject
Project("{9A19103F-16F7-4668-BE54-9A1E7A4F7556}") = "WPF_TasksHomeWork", "WPF_TasksHomeWork\WPF_TasksHomeWork.csproj", "{83895CD6-29A0-497A-9568-6326002F354A}"
EndProject
Project("{9A19103F-16F7-4668-BE54-9A1E7A4F7556}") = "03_TasksHomeWork", "03_TasksHomeWork\03_TasksHomeWork.csproj", "{4B1F39E2-E611-4100-B570-2F04FADD3DE2}"
EndProject
Project("{9A19103F-16F7-4668-BE54-9A1E7A4F7556}") = "WPF_TaskAsyncAwait", "WPF_TaskAsyncAwait\WPF_TaskAsyncAwait.csproj", "{8E60E5F8-1011-47FD-98E5-2F46532F930F}"
EndProject
Project("{9A19103F-16F7-4668-BE54-9A1E7A4F7556}") = "WPF_AsyncHomeWork", "WPF_AsyncHomeWork\WPF_AsyncHomeWork.csproj", "{185FC7B8-B09F-4EC7-8D8B-05678123F814}"
EndProject
Project("{9A19103F-16F7-4668-BE54-9A1E7A4F7556}") = "WPF_CopyterAsyncAwait", "WPF_CopyterAsyncAwait\WPF_CopyterAsyncAwait.csproj", "{C2319497-835E-4D50-A6EE-946FB0468255}"
EndProject
Project("{FAE04EC0-301F-11D3-BF4B-00C04F79EFBC}") = "06_ParallelHomeWork", "06_ParallelHomeWork\06_ParallelHomeWork.csproj", "{249249E4-D757-477A-BBB2-DB87D0CBB540}"
EndProject
Global
	GlobalSection(SolutionConfigurationPlatforms) = preSolution
		Debug|Any CPU = Debug|Any CPU
		Release|Any CPU = Release|Any CPU
	EndGlobalSection
	GlobalSection(ProjectConfigurationPlatforms) = postSolution
		{81042A34-8164-4928-ACD6-26E44651A0E9}.Debug|Any CPU.ActiveCfg = Debug|Any CPU
		{81042A34-8164-4928-ACD6-26E44651A0E9}.Debug|Any CPU.Build.0 = Debug|Any CPU
		{81042A34-8164-4928-ACD6-26E44651A0E9}.Release|Any CPU.ActiveCfg = Release|Any CPU
		{81042A34-8164-4928-ACD6-26E44651A0E9}.Release|Any CPU.Build.0 = Release|Any CPU
		{94E59433-43AE-47A9-ABDB-17D26DDE862B}.Debug|Any CPU.ActiveCfg = Debug|Any CPU
		{94E59433-43AE-47A9-ABDB-17D26DDE862B}.Debug|Any CPU.Build.0 = Debug|Any CPU
		{94E59433-43AE-47A9-ABDB-17D26DDE862B}.Release|Any CPU.ActiveCfg = Release|Any CPU
		{94E59433-43AE-47A9-ABDB-17D26DDE862B}.Release|Any CPU.Build.0 = Release|Any CPU
		{1FFC3E87-9FA3-4C10-A306-21179379B904}.Debug|Any CPU.ActiveCfg = Debug|Any CPU
		{1FFC3E87-9FA3-4C10-A306-21179379B904}.Debug|Any CPU.Build.0 = Debug|Any CPU
		{1FFC3E87-9FA3-4C10-A306-21179379B904}.Release|Any CPU.ActiveCfg = Release|Any CPU
		{1FFC3E87-9FA3-4C10-A306-21179379B904}.Release|Any CPU.Build.0 = Release|Any CPU
		{83895CD6-29A0-497A-9568-6326002F354A}.Debug|Any CPU.ActiveCfg = Debug|Any CPU
		{83895CD6-29A0-497A-9568-6326002F354A}.Debug|Any CPU.Build.0 = Debug|Any CPU
		{83895CD6-29A0-497A-9568-6326002F354A}.Release|Any CPU.ActiveCfg = Release|Any CPU
		{83895CD6-29A0-497A-9568-6326002F354A}.Release|Any CPU.Build.0 = Release|Any CPU
		{4B1F39E2-E611-4100-B570-2F04FADD3DE2}.Debug|Any CPU.ActiveCfg = Debug|Any CPU
		{4B1F39E2-E611-4100-B570-2F04FADD3DE2}.Debug|Any CPU.Build.0 = Debug|Any CPU
		{4B1F39E2-E611-4100-B570-2F04FADD3DE2}.Release|Any CPU.ActiveCfg = Release|Any CPU
		{4B1F39E2-E611-4100-B570-2F04FADD3DE2}.Release|Any CPU.Build.0 = Release|Any CPU
		{8E60E5F8-1011-47FD-98E5-2F46532F930F}.Debug|Any CPU.ActiveCfg = Debug|Any CPU
		{8E60E5F8-1011-47FD-98E5-2F46532F930F}.Debug|Any CPU.Build.0 = Debug|Any CPU
		{8E60E5F8-1011-47FD-98E5-2F46532F930F}.Release|Any CPU.ActiveCfg = Release|Any CPU
		{8E60E5F8-1011-47FD-98E5-2F46532F930F}.Release|Any CPU.Build.0 = Release|Any CPU
		{185FC7B8-B09F-4EC7-8D8B-05678123F814}.Debug|Any CPU.ActiveCfg = Debug|Any CPU
		{185FC7B8-B09F-4EC7-8D8B-05678123F814}.Debug|Any CPU.Build.0 = Debug|Any CPU
		{185FC7B8-B09F-4EC7-8D8B-05678123F814}.Release|Any CPU.ActiveCfg = Release|Any CPU
		{185FC7B8-B09F-4EC7-8D8B-05678123F814}.Release|Any CPU.Build.0 = Release|Any CPU
		{C2319497-835E-4D50-A6EE-946FB0468255}.Debug|Any CPU.ActiveCfg = Debug|Any CPU
		{C2319497-835E-4D50-A6EE-946FB0468255}.Debug|Any CPU.Build.0 = Debug|Any CPU
		{C2319497-835E-4D50-A6EE-946FB0468255}.Release|Any CPU.ActiveCfg = Release|Any CPU
		{C2319497-835E-4D50-A6EE-946FB0468255}.Release|Any CPU.Build.0 = Release|Any CPU
		{249249E4-D757-477A-BBB2-DB87D0CBB540}.Debug|Any CPU.ActiveCfg = Debug|Any CPU
		{249249E4-D757-477A-BBB2-DB87D0CBB540}.Debug|Any CPU.Build.0 = Debug|Any CPU
		{249249E4-D757-477A-BBB2-DB87D0CBB540}.Release|Any CPU.ActiveCfg = Release|Any CPU
		{249249E4-D757-477A-BBB2-DB87D0CBB540}.Release|Any CPU.Build.0 = Release|Any CPU
	EndGlobalSection
	GlobalSection(SolutionProperties) = preSolution
		HideSolutionNode = FALSE
	EndGlobalSection
	GlobalSection(ExtensibilityGlobals) = postSolution
		SolutionGuid = {C061A2DC-DE9D-42B4-9C98-4F240188167F}
	EndGlobalSection
EndGlobal
